{
    "_readme": [
        "This file locks the dependencies of your project to a known state",
        "Read more about it at https://getcomposer.org/doc/01-basic-usage.md#composer-lock-the-lock-file",
        "This file is @generated automatically"
    ],
    "content-hash": "541f76a7a51618982c497b2a727a3c6c",
    "packages": [
        {
            "name": "sabberworm/php-css-parser",
            "version": "dev-master",
            "source": {
                "type": "git",
                "url": "https://github.com/sabberworm/PHP-CSS-Parser.git",
                "reference": "8be357d90c29c2f6dd426be4cb60bf09ef6d0120"
            },
            "dist": {
                "type": "zip",
                "url": "https://api.github.com/repos/sabberworm/PHP-CSS-Parser/zipball/8be357d90c29c2f6dd426be4cb60bf09ef6d0120",
                "reference": "8be357d90c29c2f6dd426be4cb60bf09ef6d0120",
                "shasum": ""
            },
            "require": {
                "php": ">=5.3.2"
            },
            "require-dev": {
                "phpunit/phpunit": "~4.8"
            },
            "type": "library",
            "autoload": {
                "psr-0": {
                    "Sabberworm\\CSS": "lib/"
                }
            },
            "notification-url": "https://packagist.org/downloads/",
            "license": [
                "MIT"
            ],
            "authors": [
                {
                    "name": "Raphael Schweikert"
                }
            ],
            "description": "Parser for CSS Files written in PHP",
            "homepage": "http://www.sabberworm.com/blog/2010/6/10/php-css-parser",
            "keywords": [
                "css",
                "parser",
                "stylesheet"
            ],
            "time": "2018-07-13T13:23:56+00:00"
        },
        {
            "name": "seothemes/autoprefixer",
            "version": "dev-master",
            "dist": {
                "type": "path",
                "url": "temp/seothemes/autoprefixer",
                "reference": "013bf219a0d117c34618c02b24f7c795b2c744a0",
                "shasum": null
            },
            "require": {
                "sabberworm/php-css-parser": "*"
            },
            "type": "library",
            "autoload": {
                "psr-4": {
                    "SEOThemes\\Autoprefixer\\": "src/"
                }
            },
            "license": [
                "GPL-3.0-or-later"
            ],
            "authors": [
                {
                    "name": "seothemes",
                    "email": "seothemeswp@gmail.com"
                }
            ],
            "description": "Automatically adds vendor prefixes to stylesheets.",
            "transport-options": {
                "symlink": true
            }
        }
    ],
    "packages-dev": [],
    "aliases": [],
    "minimum-stability": "dev",
    "stability-flags": {
        "seothemes/autoprefixer": 20
    },
    "prefer-stable": false,
    "prefer-lowest": false,
    "platform": [],
    "platform-dev": []
}
